// !$*UTF8*$!
{
	archiveVersion = 1;
	classes = {
	};
	objectVersion = 46;
	objects = {

/* Begin PBXBuildFile section */
		9A332F651C29001500D87D3B /* XMPToolkitSDK.h in CopyFiles */ = {isa = PBXBuildFile; fileRef = 9A332F641C29001500D87D3B /* XMPToolkitSDK.h */; };
		9A332F671C29001500D87D3B /* XMPToolkitSDK.m in Sources */ = {isa = PBXBuildFile; fileRef = 9A332F661C29001500D87D3B /* XMPToolkitSDK.m */; };
/* End PBXBuildFile section */

/* Begin PBXCopyFilesBuildPhase section */
		9A332F5F1C29001500D87D3B /* CopyFiles */ = {
			isa = PBXCopyFilesBuildPhase;
			buildActionMask = 2147483647;
			dstPath = "include/$(PRODUCT_NAME)";
			dstSubfolderSpec = 16;
			files = (
				9A332F651C29001500D87D3B /* XMPToolkitSDK.h in CopyFiles */,
			);
			runOnlyForDeploymentPostprocessing = 0;
		};
/* End PBXCopyFilesBuildPhase section */

/* Begin PBXFileReference section */
		9A332F611C29001500D87D3B /* libXMPToolkitSDK.a */ = {isa = PBXFileReference; explicitFileType = archive.ar; includeInIndex = 0; path = libXMPToolkitSDK.a; sourceTree = BUILT_PRODUCTS_DIR; };
		9A332F641C29001500D87D3B /* XMPToolkitSDK.h */ = {isa = PBXFileReference; lastKnownFileType = sourcecode.c.h; path = XMPToolkitSDK.h; sourceTree = "<group>"; };
		9A332F661C29001500D87D3B /* XMPToolkitSDK.m */ = {isa = PBXFileReference; lastKnownFileType = sourcecode.c.objc; path = XMPToolkitSDK.m; sourceTree = "<group>"; };
/* End PBXFileReference section */

/* Begin PBXFrameworksBuildPhase section */
		9A332F5E1C29001500D87D3B /* Frameworks */ = {
			isa = PBXFrameworksBuildPhase;
			buildActionMask = 2147483647;
			files = (
			);
			runOnlyForDeploymentPostprocessing = 0;
		};
/* End PBXFrameworksBuildPhase section */

/* Begin PBXGroup section */
		9A332F581C29001400D87D3B = {
			isa = PBXGroup;
			children = (
				9A332F631C29001500D87D3B /* XMPToolkitSDK */,
				9A332F621C29001500D87D3B /* Products */,
			);
			sourceTree = "<group>";
		};
		9A332F621C29001500D87D3B /* Products */ = {
			isa = PBXGroup;
			children = (
				9A332F611C29001500D87D3B /* libXMPToolkitSDK.a */,
			);
			name = Products;
			sourceTree = "<group>";
		};
		9A332F631C29001500D87D3B /* XMPToolkitSDK */ = {
			isa = PBXGroup;
			children = (
				9A332F641C29001500D87D3B /* XMPToolkitSDK.h */,
				9A332F661C29001500D87D3B /* XMPToolkitSDK.m */,
			);
			path = XMPToolkitSDK;
			sourceTree = "<group>";
		};
/* End PBXGroup section */

/* Begin PBXNativeTarget section */
		9A332F601C29001500D87D3B /* XMPToolkitSDK */ = {
			isa = PBXNativeTarget;
			buildConfigurationList = 9A332F6A1C29001500D87D3B /* Build configuration list for PBXNativeTarget "XMPToolkitSDK" */;
			buildPhases = (
				9A332F5D1C29001500D87D3B /* Sources */,
				9A332F5E1C29001500D87D3B /* Frameworks */,
				9A332F5F1C29001500D87D3B /* CopyFiles */,
			);
			buildRules = (
			);
			dependencies = (
			);
			name = XMPToolkitSDK;
			productName = XMPToolkitSDK;
			productReference = 9A332F611C29001500D87D3B /* libXMPToolkitSDK.a */;
			productType = "com.apple.product-type.library.static";
		};
/* End PBXNativeTarget section */

/* Begin PBXProject section */
		9A332F591C29001400D87D3B /* Project object */ = {
			isa = PBXProject;
			attributes = {
				LastUpgradeCheck = 0720;
				ORGANIZATIONNAME = xml;
				TargetAttributes = {
					9A332F601C29001500D87D3B = {
						CreatedOnToolsVersion = 7.2;
					};
				};
			};
			buildConfigurationList = 9A332F5C1C29001400D87D3B /* Build configuration list for PBXProject "XMPToolkitSDK" */;
			compatibilityVersion = "Xcode 3.2";
			developmentRegion = English;
			hasScannedForEncodings = 0;
			knownRegions = (
				en,
			);
			mainGroup = 9A332F581C29001400D87D3B;
			productRefGroup = 9A332F621C29001500D87D3B /* Products */;
			projectDirPath = "";
			projectRoot = "";
			targets = (
				9A332F601C29001500D87D3B /* XMPToolkitSDK */,
			);
		};
/* End PBXProject section */

/* Begin PBXSourcesBuildPhase section */
		9A332F5D1C29001500D87D3B /* Sources */ = {
			isa = PBXSourcesBuildPhase;
			buildActionMask = 2147483647;
			files = (
				9A332F671C29001500D87D3B /* XMPToolkitSDK.m in Sources */,
			);
			runOnlyForDeploymentPostprocessing = 0;
		};
/* End PBXSourcesBuildPhase section */

/* Begin XCBuildConfiguration section */
		9A332F681C29001500D87D3B /* Debug */ = {
			isa = XCBuildConfiguration;
			buildSettings = {
				ALWAYS_SEARCH_USER_PATHS = NO;
				CLANG_CXX_LANGUAGE_STANDARD = "gnu++0x";
				CLANG_CXX_LIBRARY = "libc++";
				CLANG_ENABLE_MODULES = YES;
				CLANG_ENABLE_OBJC_ARC = YES;
				CLANG_WARN_BOOL_CONVERSION = YES;
				CLANG_WARN_CONSTANT_CONVERSION = YES;
				CLANG_WARN_DIRECT_OBJC_ISA_USAGE = YES_ERROR;
				CLANG_WARN_EMPTY_BODY = YES;
				CLANG_WARN_ENUM_CONVERSION = YES;
				CLANG_WARN_INT_CONVERSION = YES;
				CLANG_WARN_OBJC_ROOT_CLASS = YES_ERROR;
				CLANG_WARN_UNREACHABLE_CODE = YES;
				CLANG_WARN__DUPLICATE_METHOD_MATCH = YES;
				"CODE_SIGN_IDENTITY[sdk=iphoneos*]" = "iPhone Developer";
				COPY_PHASE_STRIP = NO;
				DEBUG_INFORMATION_FORMAT = dwarf;
				ENABLE_STRICT_OBJC_MSGSEND = YES;
				ENABLE_TESTABILITY = YES;
				GCC_C_LANGUAGE_STANDARD = gnu99;
				GCC_DYNAMIC_NO_PIC = NO;
				GCC_NO_COMMON_BLOCKS = YES;
				GCC_OPTIMIZATION_LEVEL = 0;
				GCC_PREPROCESSOR_DEFINITIONS = (
					"DEBUG=1",
					"$(inherited)",
				);
				GCC_WARN_64_TO_32_BIT_CONVERSION = YES;
				GCC_WARN_ABOUT_RETURN_TYPE = YES_ERROR;
				GCC_WARN_UNDECLARED_SELECTOR = YES;
				GCC_WARN_UNINITIALIZED_AUTOS = YES_AGGRESSIVE;
				GCC_WARN_UNUSED_FUNCTION = YES;
				GCC_WARN_UNUSED_VARIABLE = YES;
				IPHONEOS_DEPLOYMENT_TARGET = 9.2;
				MTL_ENABLE_DEBUG_INFO = YES;
				ONLY_ACTIVE_ARCH = YES;
				SDKROOT = iphoneos;
			};
			name = Debug;
		};
		9A332F691C29001500D87D3B /* Release */ = {
			isa = XCBuildConfiguration;
			buildSettings = {
				ALWAYS_SEARCH_USER_PATHS = NO;
				CLANG_CXX_LANGUAGE_STANDARD = "gnu++0x";
				CLANG_CXX_LIBRARY = "libc++";
				CLANG_ENABLE_MODULES = YES;
				CLANG_ENABLE_OBJC_ARC = YES;
				CLANG_WARN_BOOL_CONVERSION = YES;
				CLANG_WARN_CONSTANT_CONVERSION = YES;
				CLANG_WARN_DIRECT_OBJC_ISA_USAGE = YES_ERROR;
				CLANG_WARN_EMPTY_BODY = YES;
				CLANG_WARN_ENUM_CONVERSION = YES;
				CLANG_WARN_INT_CONVERSION = YES;
				CLANG_WARN_OBJC_ROOT_CLASS = YES_ERROR;
				CLANG_WARN_UNREACHABLE_CODE = YES;
				CLANG_WARN__DUPLICATE_METHOD_MATCH = YES;
				"CODE_SIGN_IDENTITY[sdk=iphoneos*]" = "iPhone Developer";
				COPY_PHASE_STRIP = NO;
				DEBUG_INFORMATION_FORMAT = "dwarf-with-dsym";
				ENABLE_NS_ASSERTIONS = NO;
				ENABLE_STRICT_OBJC_MSGSEND = YES;
				GCC_C_LANGUAGE_STANDARD = gnu99;
				GCC_NO_COMMON_BLOCKS = YES;
				GCC_WARN_64_TO_32_BIT_CONVERSION = YES;
				GCC_WARN_ABOUT_RETURN_TYPE = YES_ERROR;
				GCC_WARN_UNDECLARED_SELECTOR = YES;
				GCC_WARN_UNINITIALIZED_AUTOS = YES_AGGRESSIVE;
				GCC_WARN_UNUSED_FUNCTION = YES;
				GCC_WARN_UNUSED_VARIABLE = YES;
				IPHONEOS_DEPLOYMENT_TARGET = 9.2;
				MTL_ENABLE_DEBUG_INFO = NO;
				SDKROOT = iphoneos;
				VALIDATE_PRODUCT = YES;
			};
			name = Release;
		};
		9A332F6B1C29001500D87D3B /* Debug */ = {
			isa = XCBuildConfiguration;
			buildSettings = {
				OTHER_LDFLAGS = "-ObjC";
				PRODUCT_NAME = "$(TARGET_NAME)";
				SKIP_INSTALL = YES;
			};
			name = Debug;
		};
		9A332F6C1C29001500D87D3B /* Release */ = {
			isa = XCBuildConfiguration;
			buildSettings = {
				OTHER_LDFLAGS = "-ObjC";
				PRODUCT_NAME = "$(TARGET_NAME)";
				SKIP_INSTALL = YES;
			};
			name = Release;
		};
/* End XCBuildConfiguration section */

/* Begin XCConfigurationList section */
		9A332F5C1C29001400D87D3B /* Build configuration list for PBXProject "XMPToolkitSDK" */ = {
			isa = XCConfigurationList;
			buildConfigurations = (
				9A332F681C29001500D87D3B /* Debug */,
				9A332F691C29001500D87D3B /* Release */,
			);
			defaultConfigurationIsVisible = 0;
			defaultConfigurationName = Release;
		};
		9A332F6A1C29001500D87D3B /* Build configuration list for PBXNativeTarget "XMPToolkitSDK" */ = {
			isa = XCConfigurationList;
			buildConfigurations = (
				9A332F6B1C29001500D87D3B /* Debug */,
				9A332F6C1C29001500D87D3B /* Release */,
			);
			defaultConfigurationIsVisible = 0;
		};
/* End XCConfigurationList section */
	};
	rootObject = 9A332F591C29001400D87D3B /* Project object */;
}
